
Microsoft Visual Studio Solution File, Format Version 12.00
# Visual Studio Version 16
VisualStudioVersion = 16.0.29806.167
MinimumVisualStudioVersion = 10.0.40219.1
Project("{FAE04EC0-301F-11D3-BF4B-00C04F79EFBC}") = "PostcodeNLDataAPI", "PostcodeNLDataAPI\PostcodeNLDataAPI.csproj", "{EC441F5D-A6BB-40A5-87DD-5926F0E9EB9E}"
EndProject
Project("{FAE04EC0-301F-11D3-BF4B-00C04F79EFBC}") = "PostcodeNLDataAPI.Tests", "PostcodeNLDataAPI.Tests\PostcodeNLDataAPI.Tests.csproj", "{B4DCEE16-AD64-4773-B16C-8B8F8BE68607}"
EndProject
Project("{FAE04EC0-301F-11D3-BF4B-00C04F79EFBC}") = "PostcodeNLDownloader", "PostcodeNLDownloader\PostcodeNLDownloader.csproj", "{BB805240-D4C1-44F4-BF6E-3953A26F6FC7}"
EndProject
Project("{2150E333-8FDC-42A3-9474-1A3956D46DE8}") = "Solution Items", "Solution Items", "{7F8DD239-8020-4468-BD0A-96875B97B3F1}"
	ProjectSection(SolutionItems) = preProject
		Docs\PC-Data-API-Spec-v1.0-r83.pdf = Docs\PC-Data-API-Spec-v1.0-r83.pdf
	EndProjectSection
EndProject
Global
	GlobalSection(SolutionConfigurationPlatforms) = preSolution
		Debug|Any CPU = Debug|Any CPU
		Release|Any CPU = Release|Any CPU
	EndGlobalSection
	GlobalSection(ProjectConfigurationPlatforms) = postSolution
		{EC441F5D-A6BB-40A5-87DD-5926F0E9EB9E}.Debug|Any CPU.ActiveCfg = Debug|Any CPU
		{EC441F5D-A6BB-40A5-87DD-5926F0E9EB9E}.Debug|Any CPU.Build.0 = Debug|Any CPU
		{EC441F5D-A6BB-40A5-87DD-5926F0E9EB9E}.Release|Any CPU.ActiveCfg = Release|Any CPU
		{EC441F5D-A6BB-40A5-87DD-5926F0E9EB9E}.Release|Any CPU.Build.0 = Release|Any CPU
		{B4DCEE16-AD64-4773-B16C-8B8F8BE68607}.Debug|Any CPU.ActiveCfg = Debug|Any CPU
		{B4DCEE16-AD64-4773-B16C-8B8F8BE68607}.Debug|Any CPU.Build.0 = Debug|Any CPU
		{B4DCEE16-AD64-4773-B16C-8B8F8BE68607}.Release|Any CPU.ActiveCfg = Release|Any CPU
		{B4DCEE16-AD64-4773-B16C-8B8F8BE68607}.Release|Any CPU.Build.0 = Release|Any CPU
		{BB805240-D4C1-44F4-BF6E-3953A26F6FC7}.Debug|Any CPU.ActiveCfg = Debug|Any CPU
		{BB805240-D4C1-44F4-BF6E-3953A26F6FC7}.Debug|Any CPU.Build.0 = Debug|Any CPU
		{BB805240-D4C1-44F4-BF6E-3953A26F6FC7}.Release|Any CPU.ActiveCfg = Release|Any CPU
		{BB805240-D4C1-44F4-BF6E-3953A26F6FC7}.Release|Any CPU.Build.0 = Release|Any CPU
	EndGlobalSection
	GlobalSection(SolutionProperties) = preSolution
		HideSolutionNode = FALSE
	EndGlobalSection
	GlobalSection(ExtensibilityGlobals) = postSolution
		SolutionGuid = {8615CC49-BC3B-4A08-8306-9376F01E6FBC}
	EndGlobalSection
EndGlobal
