
Microsoft Visual Studio Solution File, Format Version 12.00
# Visual Studio 14
VisualStudioVersion = 14.0.25420.1
MinimumVisualStudioVersion = 10.0.40219.1
Project("{FAE04EC0-301F-11D3-BF4B-00C04F79EFBC}") = "PostcodeNLDataAPI", "PostcodeNLDataAPI\PostcodeNLDataAPI.csproj", "{EC441F5D-A6BB-40A5-87DD-5926F0E9EB9E}"
EndProject
Project("{FAE04EC0-301F-11D3-BF4B-00C04F79EFBC}") = "PostcodeNLDataAPI.Tests", "PostcodeNLDataAPI.Tests\PostcodeNLDataAPI.Tests.csproj", "{B4DCEE16-AD64-4773-B16C-8B8F8BE68607}"
EndProject
Project("{FAE04EC0-301F-11D3-BF4B-00C04F79EFBC}") = "PostcodeNLDownloader", "PostcodeNLDownloader\PostcodeNLDownloader.csproj", "{BB805240-D4C1-44F4-BF6E-3953A26F6FC7}"
EndProject
Global
	GlobalSection(SolutionConfigurationPlatforms) = preSolution
		Debug|Any CPU = Debug|Any CPU
		Release|Any CPU = Release|Any CPU
	EndGlobalSection
	GlobalSection(ProjectConfigurationPlatforms) = postSolution
		{EC441F5D-A6BB-40A5-87DD-5926F0E9EB9E}.Debug|Any CPU.ActiveCfg = Debug|Any CPU
		{EC441F5D-A6BB-40A5-87DD-5926F0E9EB9E}.Debug|Any CPU.Build.0 = Debug|Any CPU
		{EC441F5D-A6BB-40A5-87DD-5926F0E9EB9E}.Release|Any CPU.ActiveCfg = Release|Any CPU
		{EC441F5D-A6BB-40A5-87DD-5926F0E9EB9E}.Release|Any CPU.Build.0 = Release|Any CPU
		{B4DCEE16-AD64-4773-B16C-8B8F8BE68607}.Debug|Any CPU.ActiveCfg = Debug|Any CPU
		{B4DCEE16-AD64-4773-B16C-8B8F8BE68607}.Debug|Any CPU.Build.0 = Debug|Any CPU
		{B4DCEE16-AD64-4773-B16C-8B8F8BE68607}.Release|Any CPU.ActiveCfg = Release|Any CPU
		{B4DCEE16-AD64-4773-B16C-8B8F8BE68607}.Release|Any CPU.Build.0 = Release|Any CPU
		{BB805240-D4C1-44F4-BF6E-3953A26F6FC7}.Debug|Any CPU.ActiveCfg = Debug|Any CPU
		{BB805240-D4C1-44F4-BF6E-3953A26F6FC7}.Debug|Any CPU.Build.0 = Debug|Any CPU
		{BB805240-D4C1-44F4-BF6E-3953A26F6FC7}.Release|Any CPU.ActiveCfg = Release|Any CPU
		{BB805240-D4C1-44F4-BF6E-3953A26F6FC7}.Release|Any CPU.Build.0 = Release|Any CPU
	EndGlobalSection
	GlobalSection(SolutionProperties) = preSolution
		HideSolutionNode = FALSE
	EndGlobalSection
EndGlobal
